# This file is automatically @generated by Cargo.
# It is not intended for manual editing.
version = 4

[[package]]
name = "pyron"
version = "0.1.0"

[[package]]
name = "pyron-ai"
version = "0.1.0"

[[package]]
name = "pyron-parser"
version = "0.1.0"

[[package]]
name = "pyron-report"
version = "0.1.0"

[[package]]
name = "pyron-sim"
version = "0.1.0"
